
Microsoft Visual Studio Solution File, Format Version 12.00
# Visual Studio Version 16
VisualStudioVersion = 16.0.29926.136
MinimumVisualStudioVersion = 10.0.40219.1
Project("{8BC9CEB8-8B4A-11D0-8D11-00A0C91BC942}") = "Google Chrome's Dinosaur", "Google Chrome's Dinosaur\Google Chrome's Dinosaur.vcxproj", "{872D229F-A6FD-4D1D-AB15-A1506076526C}"
EndProject
Global
	GlobalSection(SolutionConfigurationPlatforms) = preSolution
		Debug|x64 = Debug|x64
		Debug|x86 = Debug|x86
		Release|x64 = Release|x64
		Release|x86 = Release|x86
	EndGlobalSection
	GlobalSection(ProjectConfigurationPlatforms) = postSolution
		{872D229F-A6FD-4D1D-AB15-A1506076526C}.Debug|x64.ActiveCfg = Debug|x64
		{872D229F-A6FD-4D1D-AB15-A1506076526C}.Debug|x64.Build.0 = Debug|x64
		{872D229F-A6FD-4D1D-AB15-A1506076526C}.Debug|x86.ActiveCfg = Debug|Win32
		{872D229F-A6FD-4D1D-AB15-A1506076526C}.Debug|x86.Build.0 = Debug|Win32
		{872D229F-A6FD-4D1D-AB15-A1506076526C}.Release|x64.ActiveCfg = Release|x64
		{872D229F-A6FD-4D1D-AB15-A1506076526C}.Release|x64.Build.0 = Release|x64
		{872D229F-A6FD-4D1D-AB15-A1506076526C}.Release|x86.ActiveCfg = Release|Win32
		{872D229F-A6FD-4D1D-AB15-A1506076526C}.Release|x86.Build.0 = Release|Win32
	EndGlobalSection
	GlobalSection(SolutionProperties) = preSolution
		HideSolutionNode = FALSE
	EndGlobalSection
	GlobalSection(ExtensibilityGlobals) = postSolution
		SolutionGuid = {E05F7A9F-C418-4873-963D-62CDF505E463}
	EndGlobalSection
EndGlobal
